// !$*UTF8*$!
{
	archiveVersion = 1;
	classes = {
	};
	objectVersion = 56;
	objects = {

/* Begin PBXBuildFile section */
		08A92EED2A7247EF0049D507 /* search.swift in Sources */ = {isa = PBXBuildFile; fileRef = 08A92EEC2A7247EF0049D507 /* search.swift */; };
		08A92EEF2A7248A50049D507 /* data.swift in Sources */ = {isa = PBXBuildFile; fileRef = 08A92EEE2A7248A50049D507 /* data.swift */; };
		08EB783E2A6EA37D00C18D91 /* main.swift in Sources */ = {isa = PBXBuildFile; fileRef = 08EB783D2A6EA37D00C18D91 /* main.swift */; };
		0AAB4CA72A726538007530F6 /* UserInfo.swift in Sources */ = {isa = PBXBuildFile; fileRef = 0AAB4CA62A726538007530F6 /* UserInfo.swift */; };
		7B96854D2A739BB200784F76 /* reserve.swift in Sources */ = {isa = PBXBuildFile; fileRef = 7B96854C2A739BB200784F76 /* reserve.swift */; };
		E27AB5132A722B2200BE53AA /* Member.swift in Sources */ = {isa = PBXBuildFile; fileRef = E27AB5122A722B2200BE53AA /* Member.swift */; };
		E2E3924C2A6F7F0C00E12A25 /* Lend.swift in Sources */ = {isa = PBXBuildFile; fileRef = E2E3924B2A6F7F0C00E12A25 /* Lend.swift */; };
		E2E3924E2A6F7F1C00E12A25 /* Return.swift in Sources */ = {isa = PBXBuildFile; fileRef = E2E3924D2A6F7F1C00E12A25 /* Return.swift */; };
/* End PBXBuildFile section */

/* Begin PBXCopyFilesBuildPhase section */
		08EB78382A6EA37D00C18D91 /* CopyFiles */ = {
			isa = PBXCopyFilesBuildPhase;
			buildActionMask = 2147483647;
			dstPath = /usr/share/man/man1/;
			dstSubfolderSpec = 0;
			files = (
			);
			runOnlyForDeploymentPostprocessing = 1;
		};
/* End PBXCopyFilesBuildPhase section */

/* Begin PBXFileReference section */
		08A92EEC2A7247EF0049D507 /* search.swift */ = {isa = PBXFileReference; lastKnownFileType = sourcecode.swift; path = search.swift; sourceTree = "<group>"; };
		08A92EEE2A7248A50049D507 /* data.swift */ = {isa = PBXFileReference; lastKnownFileType = sourcecode.swift; path = data.swift; sourceTree = "<group>"; };
		08EB783A2A6EA37D00C18D91 /* algorithm */ = {isa = PBXFileReference; explicitFileType = "compiled.mach-o.executable"; includeInIndex = 0; path = algorithm; sourceTree = BUILT_PRODUCTS_DIR; };
		08EB783D2A6EA37D00C18D91 /* main.swift */ = {isa = PBXFileReference; lastKnownFileType = sourcecode.swift; path = main.swift; sourceTree = "<group>"; };
		0AAB4CA62A726538007530F6 /* UserInfo.swift */ = {isa = PBXFileReference; lastKnownFileType = sourcecode.swift; path = UserInfo.swift; sourceTree = "<group>"; };
		7B96854C2A739BB200784F76 /* reserve.swift */ = {isa = PBXFileReference; lastKnownFileType = sourcecode.swift; path = reserve.swift; sourceTree = "<group>"; };
		E27AB5122A722B2200BE53AA /* Member.swift */ = {isa = PBXFileReference; lastKnownFileType = sourcecode.swift; path = Member.swift; sourceTree = "<group>"; };
		E2E3924B2A6F7F0C00E12A25 /* Lend.swift */ = {isa = PBXFileReference; lastKnownFileType = sourcecode.swift; path = Lend.swift; sourceTree = "<group>"; };
		E2E3924D2A6F7F1C00E12A25 /* Return.swift */ = {isa = PBXFileReference; lastKnownFileType = sourcecode.swift; path = Return.swift; sourceTree = "<group>"; };
/* End PBXFileReference section */

/* Begin PBXFrameworksBuildPhase section */
		08EB78372A6EA37D00C18D91 /* Frameworks */ = {
			isa = PBXFrameworksBuildPhase;
			buildActionMask = 2147483647;
			files = (
			);
			runOnlyForDeploymentPostprocessing = 0;
		};
/* End PBXFrameworksBuildPhase section */

/* Begin PBXGroup section */
		08EB78312A6EA37C00C18D91 = {
			isa = PBXGroup;
			children = (
				08EB783C2A6EA37D00C18D91 /* algorithm */,
				08EB783B2A6EA37D00C18D91 /* Products */,
			);
			sourceTree = "<group>";
		};
		08EB783B2A6EA37D00C18D91 /* Products */ = {
			isa = PBXGroup;
			children = (
				08EB783A2A6EA37D00C18D91 /* algorithm */,
			);
			name = Products;
			sourceTree = "<group>";
		};
		08EB783C2A6EA37D00C18D91 /* algorithm */ = {
			isa = PBXGroup;
			children = (
				08A92EEE2A7248A50049D507 /* data.swift */,
				08EB783D2A6EA37D00C18D91 /* main.swift */,
				0AAB4CA62A726538007530F6 /* UserInfo.swift */,
				08A92EEC2A7247EF0049D507 /* search.swift */,
				7B96854C2A739BB200784F76 /* reserve.swift */,
				E2E3924D2A6F7F1C00E12A25 /* Return.swift */,
				E2E3924B2A6F7F0C00E12A25 /* Lend.swift */,
				E27AB5122A722B2200BE53AA /* Member.swift */,
			);
			path = algorithm;
			sourceTree = "<group>";
		};
/* End PBXGroup section */

/* Begin PBXNativeTarget section */
		08EB78392A6EA37D00C18D91 /* algorithm */ = {
			isa = PBXNativeTarget;
			buildConfigurationList = 08EB78412A6EA37D00C18D91 /* Build configuration list for PBXNativeTarget "algorithm" */;
			buildPhases = (
				08EB78362A6EA37D00C18D91 /* Sources */,
				08EB78372A6EA37D00C18D91 /* Frameworks */,
				08EB78382A6EA37D00C18D91 /* CopyFiles */,
			);
			buildRules = (
			);
			dependencies = (
			);
			name = algorithm;
			productName = algorithm;
			productReference = 08EB783A2A6EA37D00C18D91 /* algorithm */;
			productType = "com.apple.product-type.tool";
		};
/* End PBXNativeTarget section */

/* Begin PBXProject section */
		08EB78322A6EA37C00C18D91 /* Project object */ = {
			isa = PBXProject;
			attributes = {
				BuildIndependentTargetsInParallel = 1;
				LastSwiftUpdateCheck = 1430;
				LastUpgradeCheck = 1430;
				TargetAttributes = {
					08EB78392A6EA37D00C18D91 = {
						CreatedOnToolsVersion = 14.3.1;
					};
				};
			};
			buildConfigurationList = 08EB78352A6EA37C00C18D91 /* Build configuration list for PBXProject "algorithm" */;
			compatibilityVersion = "Xcode 14.0";
			developmentRegion = en;
			hasScannedForEncodings = 0;
			knownRegions = (
				en,
				Base,
			);
			mainGroup = 08EB78312A6EA37C00C18D91;
			productRefGroup = 08EB783B2A6EA37D00C18D91 /* Products */;
			projectDirPath = "";
			projectRoot = "";
			targets = (
				08EB78392A6EA37D00C18D91 /* algorithm */,
			);
		};
/* End PBXProject section */

/* Begin PBXSourcesBuildPhase section */
		08EB78362A6EA37D00C18D91 /* Sources */ = {
			isa = PBXSourcesBuildPhase;
			buildActionMask = 2147483647;
			files = (
				0AAB4CA72A726538007530F6 /* UserInfo.swift in Sources */,
				08A92EED2A7247EF0049D507 /* search.swift in Sources */,
				08EB783E2A6EA37D00C18D91 /* main.swift in Sources */,
				08A92EEF2A7248A50049D507 /* data.swift in Sources */,
				7B96854D2A739BB200784F76 /* reserve.swift in Sources */,
				E2E3924C2A6F7F0C00E12A25 /* Lend.swift in Sources */,
				08EB783E2A6EA37D00C18D91 /* main.swift in Sources */,
				E2E3924E2A6F7F1C00E12A25 /* Return.swift in Sources */,
				E27AB5132A722B2200BE53AA /* Member.swift in Sources */,
			);
			runOnlyForDeploymentPostprocessing = 0;
		};
/* End PBXSourcesBuildPhase section */

/* Begin XCBuildConfiguration section */
		08EB783F2A6EA37D00C18D91 /* Debug */ = {
			isa = XCBuildConfiguration;
			buildSettings = {
				ALWAYS_SEARCH_USER_PATHS = NO;
				CLANG_ANALYZER_NONNULL = YES;
				CLANG_ANALYZER_NUMBER_OBJECT_CONVERSION = YES_AGGRESSIVE;
				CLANG_CXX_LANGUAGE_STANDARD = "gnu++20";
				CLANG_ENABLE_MODULES = YES;
				CLANG_ENABLE_OBJC_ARC = YES;
				CLANG_ENABLE_OBJC_WEAK = YES;
				CLANG_WARN_BLOCK_CAPTURE_AUTORELEASING = YES;
				CLANG_WARN_BOOL_CONVERSION = YES;
				CLANG_WARN_COMMA = YES;
				CLANG_WARN_CONSTANT_CONVERSION = YES;
				CLANG_WARN_DEPRECATED_OBJC_IMPLEMENTATIONS = YES;
				CLANG_WARN_DIRECT_OBJC_ISA_USAGE = YES_ERROR;
				CLANG_WARN_DOCUMENTATION_COMMENTS = YES;
				CLANG_WARN_EMPTY_BODY = YES;
				CLANG_WARN_ENUM_CONVERSION = YES;
				CLANG_WARN_INFINITE_RECURSION = YES;
				CLANG_WARN_INT_CONVERSION = YES;
				CLANG_WARN_NON_LITERAL_NULL_CONVERSION = YES;
				CLANG_WARN_OBJC_IMPLICIT_RETAIN_SELF = YES;
				CLANG_WARN_OBJC_LITERAL_CONVERSION = YES;
				CLANG_WARN_OBJC_ROOT_CLASS = YES_ERROR;
				CLANG_WARN_QUOTED_INCLUDE_IN_FRAMEWORK_HEADER = YES;
				CLANG_WARN_RANGE_LOOP_ANALYSIS = YES;
				CLANG_WARN_STRICT_PROTOTYPES = YES;
				CLANG_WARN_SUSPICIOUS_MOVE = YES;
				CLANG_WARN_UNGUARDED_AVAILABILITY = YES_AGGRESSIVE;
				CLANG_WARN_UNREACHABLE_CODE = YES;
				CLANG_WARN__DUPLICATE_METHOD_MATCH = YES;
				COPY_PHASE_STRIP = NO;
				DEBUG_INFORMATION_FORMAT = dwarf;
				ENABLE_STRICT_OBJC_MSGSEND = YES;
				ENABLE_TESTABILITY = YES;
				GCC_C_LANGUAGE_STANDARD = gnu11;
				GCC_DYNAMIC_NO_PIC = NO;
				GCC_NO_COMMON_BLOCKS = YES;
				GCC_OPTIMIZATION_LEVEL = 0;
				GCC_PREPROCESSOR_DEFINITIONS = (
					"DEBUG=1",
					"$(inherited)",
				);
				GCC_WARN_64_TO_32_BIT_CONVERSION = YES;
				GCC_WARN_ABOUT_RETURN_TYPE = YES_ERROR;
				GCC_WARN_UNDECLARED_SELECTOR = YES;
				GCC_WARN_UNINITIALIZED_AUTOS = YES_AGGRESSIVE;
				GCC_WARN_UNUSED_FUNCTION = YES;
				GCC_WARN_UNUSED_VARIABLE = YES;
				MACOSX_DEPLOYMENT_TARGET = 13.2;
				MTL_ENABLE_DEBUG_INFO = INCLUDE_SOURCE;
				MTL_FAST_MATH = YES;
				ONLY_ACTIVE_ARCH = YES;
				SDKROOT = macosx;
				SWIFT_ACTIVE_COMPILATION_CONDITIONS = DEBUG;
				SWIFT_OPTIMIZATION_LEVEL = "-Onone";
			};
			name = Debug;
		};
		08EB78402A6EA37D00C18D91 /* Release */ = {
			isa = XCBuildConfiguration;
			buildSettings = {
				ALWAYS_SEARCH_USER_PATHS = NO;
				CLANG_ANALYZER_NONNULL = YES;
				CLANG_ANALYZER_NUMBER_OBJECT_CONVERSION = YES_AGGRESSIVE;
				CLANG_CXX_LANGUAGE_STANDARD = "gnu++20";
				CLANG_ENABLE_MODULES = YES;
				CLANG_ENABLE_OBJC_ARC = YES;
				CLANG_ENABLE_OBJC_WEAK = YES;
				CLANG_WARN_BLOCK_CAPTURE_AUTORELEASING = YES;
				CLANG_WARN_BOOL_CONVERSION = YES;
				CLANG_WARN_COMMA = YES;
				CLANG_WARN_CONSTANT_CONVERSION = YES;
				CLANG_WARN_DEPRECATED_OBJC_IMPLEMENTATIONS = YES;
				CLANG_WARN_DIRECT_OBJC_ISA_USAGE = YES_ERROR;
				CLANG_WARN_DOCUMENTATION_COMMENTS = YES;
				CLANG_WARN_EMPTY_BODY = YES;
				CLANG_WARN_ENUM_CONVERSION = YES;
				CLANG_WARN_INFINITE_RECURSION = YES;
				CLANG_WARN_INT_CONVERSION = YES;
				CLANG_WARN_NON_LITERAL_NULL_CONVERSION = YES;
				CLANG_WARN_OBJC_IMPLICIT_RETAIN_SELF = YES;
				CLANG_WARN_OBJC_LITERAL_CONVERSION = YES;
				CLANG_WARN_OBJC_ROOT_CLASS = YES_ERROR;
				CLANG_WARN_QUOTED_INCLUDE_IN_FRAMEWORK_HEADER = YES;
				CLANG_WARN_RANGE_LOOP_ANALYSIS = YES;
				CLANG_WARN_STRICT_PROTOTYPES = YES;
				CLANG_WARN_SUSPICIOUS_MOVE = YES;
				CLANG_WARN_UNGUARDED_AVAILABILITY = YES_AGGRESSIVE;
				CLANG_WARN_UNREACHABLE_CODE = YES;
				CLANG_WARN__DUPLICATE_METHOD_MATCH = YES;
				COPY_PHASE_STRIP = NO;
				DEBUG_INFORMATION_FORMAT = "dwarf-with-dsym";
				ENABLE_NS_ASSERTIONS = NO;
				ENABLE_STRICT_OBJC_MSGSEND = YES;
				GCC_C_LANGUAGE_STANDARD = gnu11;
				GCC_NO_COMMON_BLOCKS = YES;
				GCC_WARN_64_TO_32_BIT_CONVERSION = YES;
				GCC_WARN_ABOUT_RETURN_TYPE = YES_ERROR;
				GCC_WARN_UNDECLARED_SELECTOR = YES;
				GCC_WARN_UNINITIALIZED_AUTOS = YES_AGGRESSIVE;
				GCC_WARN_UNUSED_FUNCTION = YES;
				GCC_WARN_UNUSED_VARIABLE = YES;
				MACOSX_DEPLOYMENT_TARGET = 13.2;
				MTL_ENABLE_DEBUG_INFO = NO;
				MTL_FAST_MATH = YES;
				SDKROOT = macosx;
				SWIFT_COMPILATION_MODE = wholemodule;
				SWIFT_OPTIMIZATION_LEVEL = "-O";
			};
			name = Release;
		};
		08EB78422A6EA37D00C18D91 /* Debug */ = {
			isa = XCBuildConfiguration;
			buildSettings = {
				CODE_SIGN_STYLE = Automatic;
				PRODUCT_NAME = "$(TARGET_NAME)";
				SWIFT_VERSION = 5.0;
			};
			name = Debug;
		};
		08EB78432A6EA37D00C18D91 /* Release */ = {
			isa = XCBuildConfiguration;
			buildSettings = {
				CODE_SIGN_STYLE = Automatic;
				PRODUCT_NAME = "$(TARGET_NAME)";
				SWIFT_VERSION = 5.0;
			};
			name = Release;
		};
/* End XCBuildConfiguration section */

/* Begin XCConfigurationList section */
		08EB78352A6EA37C00C18D91 /* Build configuration list for PBXProject "algorithm" */ = {
			isa = XCConfigurationList;
			buildConfigurations = (
				08EB783F2A6EA37D00C18D91 /* Debug */,
				08EB78402A6EA37D00C18D91 /* Release */,
			);
			defaultConfigurationIsVisible = 0;
			defaultConfigurationName = Release;
		};
		08EB78412A6EA37D00C18D91 /* Build configuration list for PBXNativeTarget "algorithm" */ = {
			isa = XCConfigurationList;
			buildConfigurations = (
				08EB78422A6EA37D00C18D91 /* Debug */,
				08EB78432A6EA37D00C18D91 /* Release */,
			);
			defaultConfigurationIsVisible = 0;
			defaultConfigurationName = Release;
		};
/* End XCConfigurationList section */
	};
	rootObject = 08EB78322A6EA37C00C18D91 /* Project object */;
}
